# This file is automatically generated by Poetry and should not be changed manually.
# It ensures consistent dependency resolution across different environments.

[[package]]
name = "aiohttp"
version = "3.9.0"
description = "Async http client/server framework (asyncio)"
category = "main"
optional = false
python-versions = "^3.8"

[[package]]
name = "fastapi"
version = "0.68.0"
description = "FastAPI framework, high performance, easy to learn, fast to code, ready for production"
category = "main"
optional = false
python-versions = "^3.7"

[[package]]
name = "pydantic"
version = "1.10.0"
description = "Data validation and settings management using Python type hints."
category = "main"
optional = false
python-versions = "^3.7"

[[package]]
name = "python-dotenv"
version = "1.0.0"
description = "Read key-value pairs from a .env file and set them as environment variables"
category = "main"
optional = false
python-versions = "*"

[[package]]
name = "uvicorn"
version = "0.15.0"
description = "The lightning-fast ASGI server."
category = "main"
optional = false
python-versions = "^3.7"
